%{
  "benchee": {:hex, :benchee, "1.1.0", "f3a43817209a92a1fade36ef36b86e1052627fd8934a8b937ac9ab3a76c43062", [:mix], [{:deep_merge, "~> 1.0", [hex: :deep_merge, repo: "hexpm", optional: false]}, {:statistex, "~> 1.0", [hex: :statistex, repo: "hexpm", optional: false]}], "hexpm", "7da57d545003165a012b587077f6ba90b89210fd88074ce3c60ce239eb5e6d93"},
  "cachex": {:hex, :cachex, "3.6.0", "14a1bfbeee060dd9bec25a5b6f4e4691e3670ebda28c8ba2884b12fe30b36bf8", [:mix], [{:eternal, "~> 1.2", [hex: :eternal, repo: "hexpm", optional: false]}, {:jumper, "~> 1.0", [hex: :jumper, repo: "hexpm", optional: false]}, {:sleeplocks, "~> 1.1", [hex: :sleeplocks, repo: "hexpm", optional: false]}, {:unsafe, "~> 1.0", [hex: :unsafe, repo: "hexpm", optional: false]}], "hexpm", "ebf24e373883bc8e0c8d894a63bbe102ae13d918f790121f5cfe6e485cc8e2e2"},
  "castore": {:hex, :castore, "0.1.22", "4127549e411bedd012ca3a308dede574f43819fe9394254ca55ab4895abfa1a2", [:mix], [], "hexpm", "c17576df47eb5aa1ee40cc4134316a99f5cad3e215d5c77b8dd3cfef12a22cac"},
  "cc_precompiler": {:hex, :cc_precompiler, "0.1.5", "ac3ef86f31ab579b856192a948e956cc3e4bb5006e303c4ab4b24958108e218a", [:mix], [{:elixir_make, "~> 0.7.3", [hex: :elixir_make, repo: "hexpm", optional: false]}], "hexpm", "ee5b2e56eb03798231a3d322579fff509139a534ef54205d04c188e18cab1f57"},
  "connection": {:hex, :connection, "1.1.0", "ff2a49c4b75b6fb3e674bfc5536451607270aac754ffd1bdfe175abe4a6d7a68", [:mix], [], "hexpm", "722c1eb0a418fbe91ba7bd59a47e28008a189d47e37e0e7bb85585a016b2869c"},
  "cowboy": {:hex, :cowboy, "2.9.0", "865dd8b6607e14cf03282e10e934023a1bd8be6f6bacf921a7e2a96d800cd452", [:make, :rebar3], [{:cowlib, "2.11.0", [hex: :cowlib, repo: "hexpm", optional: false]}, {:ranch, "1.8.0", [hex: :ranch, repo: "hexpm", optional: false]}], "hexpm", "2c729f934b4e1aa149aff882f57c6372c15399a20d54f65c8d67bef583021bde"},
  "cowboy_telemetry": {:hex, :cowboy_telemetry, "0.4.0", "f239f68b588efa7707abce16a84d0d2acf3a0f50571f8bb7f56a15865aae820c", [:rebar3], [{:cowboy, "~> 2.7", [hex: :cowboy, repo: "hexpm", optional: false]}, {:telemetry, "~> 1.0", [hex: :telemetry, repo: "hexpm", optional: false]}], "hexpm", "7d98bac1ee4565d31b62d59f8823dfd8356a169e7fcbb83831b8a5397404c9de"},
  "cowlib": {:hex, :cowlib, "2.11.0", "0b9ff9c346629256c42ebe1eeb769a83c6cb771a6ee5960bd110ab0b9b872063", [:make, :rebar3], [], "hexpm", "2b3e9da0b21c4565751a6d4901c20d1b4cc25cbb7fd50d91d2ab6dd287bc86a9"},
  "db_connection": {:hex, :db_connection, "2.4.3", "3b9aac9f27347ec65b271847e6baeb4443d8474289bd18c1d6f4de655b70c94d", [:mix], [{:connection, "~> 1.0", [hex: :connection, repo: "hexpm", optional: false]}, {:telemetry, "~> 0.4 or ~> 1.0", [hex: :telemetry, repo: "hexpm", optional: false]}], "hexpm", "c127c15b0fa6cfb32eed07465e05da6c815b032508d4ed7c116122871df73c12"},
  "decimal": {:hex, :decimal, "2.1.1", "5611dca5d4b2c3dd497dec8f68751f1f1a54755e8ed2a966c2633cf885973ad6", [:mix], [], "hexpm", "53cfe5f497ed0e7771ae1a475575603d77425099ba5faef9394932b35020ffcc"},
  "deep_merge": {:hex, :deep_merge, "1.0.0", "b4aa1a0d1acac393bdf38b2291af38cb1d4a52806cf7a4906f718e1feb5ee961", [:mix], [], "hexpm", "ce708e5f094b9cd4e8f2be4f00d2f4250c4095be93f8cd6d018c753894885430"},
  "earmark": {:hex, :earmark, "1.4.25", "43fd256e37f671528727745f0fc760227e16f40dced303216f766eade06b7b10", [:mix], [{:earmark_parser, "~> 1.4.25", [hex: :earmark_parser, repo: "hexpm", optional: false]}], "hexpm", "073c606ea4c3cc52920e8ae8ebe788c6af03d3e39782b25e5d14ceaa2f692998"},
  "earmark_parser": {:hex, :earmark_parser, "1.4.25", "2024618731c55ebfcc5439d756852ec4e85978a39d0d58593763924d9a15916f", [:mix], [], "hexpm", "56749c5e1c59447f7b7a23ddb235e4b3defe276afc220a6227237f3efe83f51e"},
  "ecto": {:hex, :ecto, "3.9.5", "9f0aa7ae44a1577b651c98791c6988cd1b69b21bc724e3fd67090b97f7604263", [:mix], [{:decimal, "~> 1.6 or ~> 2.0", [hex: :decimal, repo: "hexpm", optional: false]}, {:jason, "~> 1.0", [hex: :jason, repo: "hexpm", optional: true]}, {:telemetry, "~> 0.4 or ~> 1.0", [hex: :telemetry, repo: "hexpm", optional: false]}], "hexpm", "d4f3115d8cbacdc0bfa4b742865459fb1371d0715515842a1fb17fe31920b74c"},
  "elixir_make": {:hex, :elixir_make, "0.7.5", "784cc00f5fa24239067cc04d449437dcc5f59353c44eb08f188b2b146568738a", [:mix], [{:castore, "~> 0.1", [hex: :castore, repo: "hexpm", optional: true]}], "hexpm", "c3d63e8d5c92fa3880d89ecd41de59473fa2e83eeb68148155e25e8b95aa2887"},
  "esbuild": {:hex, :esbuild, "0.6.1", "a774bfa7b4512a1211bf15880b462be12a4c48ed753a170c68c63b2c95888150", [:mix], [{:castore, ">= 0.0.0", [hex: :castore, repo: "hexpm", optional: false]}], "hexpm", "569f7409fb5a932211573fc20e2a930a0d5cf3377c5b4f6506c651b1783a1678"},
  "eternal": {:hex, :eternal, "1.2.2", "d1641c86368de99375b98d183042dd6c2b234262b8d08dfd72b9eeaafc2a1abd", [:mix], [], "hexpm", "2c9fe32b9c3726703ba5e1d43a1d255a4f3f2d8f8f9bc19f094c7cb1a7a9e782"},
  "ex_image_info": {:hex, :ex_image_info, "0.2.4", "610002acba43520a9b1cf1421d55812bde5b8a8aeaf1fe7b1f8823e84e762adb", [:mix], [], "hexpm", "fd1a7e02664e3b14dfd3b231d22fdd48bd3dd694c4773e6272b3a6228f1106bc"},
  "expo": {:hex, :expo, "0.4.0", "bbe4bf455e2eb2ebd2f1e7d83530ce50fb9990eb88fc47855c515bfdf1c6626f", [:mix], [], "hexpm", "a8ed1683ec8b7c7fa53fd7a41b2c6935f539168a6bb0616d7fd6b58a36f3abf2"},
  "exqlite": {:hex, :exqlite, "0.13.3", "287403c57361e58405aba7a754c50728e18cf9b928567a10e45d3f8f0b8da125", [:make, :mix], [{:cc_precompiler, "~> 0.1", [hex: :cc_precompiler, repo: "hexpm", optional: false]}, {:db_connection, "~> 2.1", [hex: :db_connection, repo: "hexpm", optional: false]}, {:elixir_make, "~> 0.7", [hex: :elixir_make, repo: "hexpm", optional: false]}, {:table, "~> 0.1.0", [hex: :table, repo: "hexpm", optional: true]}], "hexpm", "5ece9d44d344da981c30deec846deeefeebf7cb7e18a0900e347d540263328e3"},
  "file_system": {:hex, :file_system, "0.2.10", "fb082005a9cd1711c05b5248710f8826b02d7d1784e7c3451f9c1231d4fc162d", [:mix], [], "hexpm", "41195edbfb562a593726eda3b3e8b103a309b733ad25f3d642ba49696bf715dc"},
  "floki": {:hex, :floki, "0.34.1", "b1f9c413d91140230788b173906065f6f8906bbbf5b3f0d3c626301aeeef44c5", [:mix], [], "hexpm", "cc9b62312a45c1239ca8f65e05377ef8c646f3d7712e5727a9b47c43c946e885"},
  "gettext": {:hex, :gettext, "0.22.1", "e7942988383c3d9eed4bdc22fc63e712b655ae94a672a27e4900e3d4a2c43581", [:mix], [{:expo, "~> 0.4.0", [hex: :expo, repo: "hexpm", optional: false]}], "hexpm", "ad105b8dab668ee3f90c0d3d94ba75e9aead27a62495c101d94f2657a190ac5d"},
  "heroicons": {:hex, :heroicons, "0.2.4", "12824795f25340415bffa9a501b96c89dc856ed732e82acccdab635fee92411b", [:mix], [{:phoenix_html, "~> 2.14 or ~> 3.0", [hex: :phoenix_html, repo: "hexpm", optional: false]}], "hexpm", "7d6c51dc8ecaadb37943247da83ec2fbf3f6b479a23f4cf0195bd61ec2268128"},
  "hpax": {:hex, :hpax, "0.1.2", "09a75600d9d8bbd064cdd741f21fc06fc1f4cf3d0fcc335e5aa19be1a7235c84", [:mix], [], "hexpm", "2c87843d5a23f5f16748ebe77969880e29809580efdaccd615cd3bed628a8c13"},
  "html5ever": {:hex, :html5ever, "0.14.3", "8e8e526f6625097241704ee7e7ededf698b26205002b93c6d25bbbc43adabb7b", [:mix], [{:rustler, ">= 0.0.0", [hex: :rustler, repo: "hexpm", optional: true]}, {:rustler_precompiled, "~> 0.5.2 or ~> 0.6.0", [hex: :rustler_precompiled, repo: "hexpm", optional: false]}], "hexpm", "4a1fef20bdc739c5ce9e2ef822d1e331ffe6e561afce012834c2d3f29729c8d0"},
  "jason": {:hex, :jason, "1.4.1", "af1504e35f629ddcdd6addb3513c3853991f694921b1b9368b0bd32beb9f1b63", [:mix], [{:decimal, "~> 1.0 or ~> 2.0", [hex: :decimal, repo: "hexpm", optional: true]}], "hexpm", "fbb01ecdfd565b56261302f7e1fcc27c4fb8f32d56eab74db621fc154604a7a1"},
  "jumper": {:hex, :jumper, "1.0.1", "3c00542ef1a83532b72269fab9f0f0c82bf23a35e27d278bfd9ed0865cecabff", [:mix], [], "hexpm", "318c59078ac220e966d27af3646026db9b5a5e6703cb2aa3e26bcfaba65b7433"},
  "mime": {:hex, :mime, "2.0.5", "dc34c8efd439abe6ae0343edbb8556f4d63f178594894720607772a041b04b02", [:mix], [], "hexpm", "da0d64a365c45bc9935cc5c8a7fc5e49a0e0f9932a761c55d6c52b142780a05c"},
  "mint": {:hex, :mint, "1.4.2", "50330223429a6e1260b2ca5415f69b0ab086141bc76dc2fbf34d7c389a6675b2", [:mix], [{:castore, "~> 0.1.0", [hex: :castore, repo: "hexpm", optional: true]}, {:hpax, "~> 0.1.1", [hex: :hpax, repo: "hexpm", optional: false]}], "hexpm", "ce75a5bbcc59b4d7d8d70f8b2fc284b1751ffb35c7b6a6302b5192f8ab4ddd80"},
  "mojito": {:hex, :mojito, "0.6.4", "994ad071d5f88e5d414f8f095fc01ced26a1852139a6127eab97ba8c64e31894", [:mix], [{:castore, "~> 0.1", [hex: :castore, repo: "hexpm", optional: false]}, {:mint, "~> 1.0", [hex: :mint, repo: "hexpm", optional: false]}, {:poolboy, "~> 1.5", [hex: :poolboy, repo: "hexpm", optional: false]}], "hexpm", "0d05f49e3fcd9b6a3ea62e50bf19bcf4fed55946187775a33bb5a0f4021a1b1e"},
  "nimble_parsec": {:hex, :nimble_parsec, "1.2.3", "244836e6e3f1200c7f30cb56733fd808744eca61fd182f731eac4af635cc6d0b", [:mix], [], "hexpm", "c8d789e39b9131acf7b99291e93dae60ab48ef14a7ee9d58c6964f59efb570b0"},
  "orb": {:hex, :orb, "0.0.4", "d3dd04a3dca46b69c6f81019babb0ae1c0eea064cc1c28544258f5affdf395d6", [:mix], [], "hexpm", "50ba1b9fdf9c19ba194889c57667c11016b1aaf69edb89b0a258e99feb075fa3"},
  "orb_wasmtime": {:hex, :orb_wasmtime, "0.1.2", "33f83e7d665bd61a0066572a73bf58eaa75034c918d6fb7948f54f8290e315f3", [:mix], [{:rustler, "~> 0.29.0", [hex: :rustler, repo: "hexpm", optional: true]}, {:rustler_precompiled, "~> 0.6", [hex: :rustler_precompiled, repo: "hexpm", optional: false]}], "hexpm", "66c639fa4e9bc631617b6ce16e95f6aec66dc3dc84611f81b230e4577d816f4b"},
  "paredown": {:hex, :paredown, "0.1.5", "bc3e25a33de177db83e969944b8a92522c72343ab4681632ad828d93f5a3ea6d", [:make, :mix], [{:phoenix_html, "~> 2.13 or ~> 3.0", [hex: :phoenix_html, repo: "hexpm", optional: false]}], "hexpm", "5d3284d0726baef481c962a8dd465656808a18fd8013fcfb29f118adde08d371"},
  "phoenix": {:hex, :phoenix, "1.7.1", "a029bde19d9c3b559e5c3d06c78b76e81396bedd456a6acedb42f9c7b2e535a9", [:mix], [{:castore, ">= 0.0.0", [hex: :castore, repo: "hexpm", optional: false]}, {:jason, "~> 1.0", [hex: :jason, repo: "hexpm", optional: true]}, {:phoenix_pubsub, "~> 2.1", [hex: :phoenix_pubsub, repo: "hexpm", optional: false]}, {:phoenix_template, "~> 1.0", [hex: :phoenix_template, repo: "hexpm", optional: false]}, {:phoenix_view, "~> 2.0", [hex: :phoenix_view, repo: "hexpm", optional: true]}, {:plug, "~> 1.14", [hex: :plug, repo: "hexpm", optional: false]}, {:plug_cowboy, "~> 2.6", [hex: :plug_cowboy, repo: "hexpm", optional: true]}, {:plug_crypto, "~> 1.2", [hex: :plug_crypto, repo: "hexpm", optional: false]}, {:telemetry, "~> 0.4 or ~> 1.0", [hex: :telemetry, repo: "hexpm", optional: false]}, {:websock_adapter, "~> 0.4", [hex: :websock_adapter, repo: "hexpm", optional: false]}], "hexpm", "ea9d4a85c3592e37efa07d0dc013254fda445885facaefddcbf646375c116457"},
  "phoenix_ecto": {:hex, :phoenix_ecto, "4.4.0", "0672ed4e4808b3fbed494dded89958e22fb882de47a97634c0b13e7b0b5f7720", [:mix], [{:ecto, "~> 3.3", [hex: :ecto, repo: "hexpm", optional: false]}, {:phoenix_html, "~> 2.14.2 or ~> 3.0", [hex: :phoenix_html, repo: "hexpm", optional: true]}, {:plug, "~> 1.9", [hex: :plug, repo: "hexpm", optional: false]}], "hexpm", "09864e558ed31ee00bd48fcc1d4fc58ae9678c9e81649075431e69dbabb43cc1"},
  "phoenix_html": {:hex, :phoenix_html, "3.3.1", "4788757e804a30baac6b3fc9695bf5562465dd3f1da8eb8460ad5b404d9a2178", [:mix], [{:plug, "~> 1.5", [hex: :plug, repo: "hexpm", optional: true]}], "hexpm", "bed1906edd4906a15fd7b412b85b05e521e1f67c9a85418c55999277e553d0d3"},
  "phoenix_live_dashboard": {:hex, :phoenix_live_dashboard, "0.7.2", "97cc4ff2dba1ebe504db72cb45098cb8e91f11160528b980bd282cc45c73b29c", [:mix], [{:ecto, "~> 3.6.2 or ~> 3.7", [hex: :ecto, repo: "hexpm", optional: true]}, {:ecto_mysql_extras, "~> 0.5", [hex: :ecto_mysql_extras, repo: "hexpm", optional: true]}, {:ecto_psql_extras, "~> 0.7", [hex: :ecto_psql_extras, repo: "hexpm", optional: true]}, {:mime, "~> 1.6 or ~> 2.0", [hex: :mime, repo: "hexpm", optional: false]}, {:phoenix_live_view, "~> 0.18.3", [hex: :phoenix_live_view, repo: "hexpm", optional: false]}, {:telemetry_metrics, "~> 0.6 or ~> 1.0", [hex: :telemetry_metrics, repo: "hexpm", optional: false]}], "hexpm", "0e5fdf063c7a3b620c566a30fcf68b7ee02e5e46fe48ee46a6ec3ba382dc05b7"},
  "phoenix_live_reload": {:hex, :phoenix_live_reload, "1.4.1", "2aff698f5e47369decde4357ba91fc9c37c6487a512b41732818f2204a8ef1d3", [:mix], [{:file_system, "~> 0.2.1 or ~> 0.3", [hex: :file_system, repo: "hexpm", optional: false]}, {:phoenix, "~> 1.4", [hex: :phoenix, repo: "hexpm", optional: false]}], "hexpm", "9bffb834e7ddf08467fe54ae58b5785507aaba6255568ae22b4d46e2bb3615ab"},
  "phoenix_live_view": {:hex, :phoenix_live_view, "0.18.16", "781c6a3ac49e0451ca403848b40807171caea400896fe8ed8e5ddd6106ad5580", [:mix], [{:jason, "~> 1.0", [hex: :jason, repo: "hexpm", optional: true]}, {:phoenix, "~> 1.6.15 or ~> 1.7.0", [hex: :phoenix, repo: "hexpm", optional: false]}, {:phoenix_html, "~> 3.3", [hex: :phoenix_html, repo: "hexpm", optional: false]}, {:phoenix_template, "~> 1.0", [hex: :phoenix_template, repo: "hexpm", optional: false]}, {:phoenix_view, "~> 2.0", [hex: :phoenix_view, repo: "hexpm", optional: true]}, {:telemetry, "~> 0.4.2 or ~> 1.0", [hex: :telemetry, repo: "hexpm", optional: false]}], "hexpm", "09e6ae2babe62f74bfcd1e3cac1a9b0e2c262557cc566300a843425c9cb6842a"},
  "phoenix_pubsub": {:hex, :phoenix_pubsub, "2.1.1", "ba04e489ef03763bf28a17eb2eaddc2c20c6d217e2150a61e3298b0f4c2012b5", [:mix], [], "hexpm", "81367c6d1eea5878ad726be80808eb5a787a23dee699f96e72b1109c57cdd8d9"},
  "phoenix_template": {:hex, :phoenix_template, "1.0.1", "85f79e3ad1b0180abb43f9725973e3b8c2c3354a87245f91431eec60553ed3ef", [:mix], [{:phoenix_html, "~> 2.14.2 or ~> 3.0", [hex: :phoenix_html, repo: "hexpm", optional: true]}], "hexpm", "157dc078f6226334c91cb32c1865bf3911686f8bcd6bcff86736f6253e6993ee"},
  "phoenix_view": {:hex, :phoenix_view, "2.0.2", "6bd4d2fd595ef80d33b439ede6a19326b78f0f1d8d62b9a318e3d9c1af351098", [:mix], [{:phoenix_html, "~> 2.14.2 or ~> 3.0", [hex: :phoenix_html, repo: "hexpm", optional: true]}, {:phoenix_template, "~> 1.0", [hex: :phoenix_template, repo: "hexpm", optional: false]}], "hexpm", "a929e7230ea5c7ee0e149ffcf44ce7cf7f4b6d2bfe1752dd7c084cdff152d36f"},
  "plug": {:hex, :plug, "1.14.2", "cff7d4ec45b4ae176a227acd94a7ab536d9b37b942c8e8fa6dfc0fff98ff4d80", [:mix], [{:mime, "~> 1.0 or ~> 2.0", [hex: :mime, repo: "hexpm", optional: false]}, {:plug_crypto, "~> 1.1.1 or ~> 1.2", [hex: :plug_crypto, repo: "hexpm", optional: false]}, {:telemetry, "~> 0.4.3 or ~> 1.0", [hex: :telemetry, repo: "hexpm", optional: false]}], "hexpm", "842fc50187e13cf4ac3b253d47d9474ed6c296a8732752835ce4a86acdf68d13"},
  "plug_cowboy": {:hex, :plug_cowboy, "2.6.0", "d1cf12ff96a1ca4f52207c5271a6c351a4733f413803488d75b70ccf44aebec2", [:mix], [{:cowboy, "~> 2.7", [hex: :cowboy, repo: "hexpm", optional: false]}, {:cowboy_telemetry, "~> 0.3", [hex: :cowboy_telemetry, repo: "hexpm", optional: false]}, {:plug, "~> 1.14", [hex: :plug, repo: "hexpm", optional: false]}], "hexpm", "073cf20b753ce6682ed72905cd62a2d4bd9bad1bf9f7feb02a1b8e525bd94fa6"},
  "plug_crypto": {:hex, :plug_crypto, "1.2.5", "918772575e48e81e455818229bf719d4ab4181fcbf7f85b68a35620f78d89ced", [:mix], [], "hexpm", "26549a1d6345e2172eb1c233866756ae44a9609bd33ee6f99147ab3fd87fd842"},
  "poolboy": {:hex, :poolboy, "1.5.2", "392b007a1693a64540cead79830443abf5762f5d30cf50bc95cb2c1aaafa006b", [:rebar3], [], "hexpm", "dad79704ce5440f3d5a3681c8590b9dc25d1a561e8f5a9c995281012860901e3"},
  "ranch": {:hex, :ranch, "1.8.0", "8c7a100a139fd57f17327b6413e4167ac559fbc04ca7448e9be9057311597a1d", [:make, :rebar3], [], "hexpm", "49fbcfd3682fab1f5d109351b61257676da1a2fdbe295904176d5e521a2ddfe5"},
  "redix": {:hex, :redix, "1.2.1", "edf7392c0fa08708f5869e301aad20445f72ebc1949ea1c2496eaf344c845a0d", [:mix], [{:castore, "~> 0.1.0 or ~> 1.0", [hex: :castore, repo: "hexpm", optional: true]}, {:telemetry, "~> 0.4.0 or ~> 1.0", [hex: :telemetry, repo: "hexpm", optional: false]}], "hexpm", "62608edd20a47b458a30737fd734e6f73d1f1665f3ca7821c1ee8f9abc725f11"},
  "rustler": {:hex, :rustler, "0.29.1", "880f20ae3027bd7945def6cea767f5257bc926f33ff50c0d5d5a5315883c084d", [:mix], [{:jason, "~> 1.0", [hex: :jason, repo: "hexpm", optional: false]}, {:toml, "~> 0.6", [hex: :toml, repo: "hexpm", optional: false]}], "hexpm", "109497d701861bfcd26eb8f5801fe327a8eef304f56a5b63ef61151ff44ac9b6"},
  "rustler_precompiled": {:hex, :rustler_precompiled, "0.6.2", "d2218ba08a43fa331957f30481d00b666664d7e3861431b02bd3f4f30eec8e5b", [:mix], [{:castore, "~> 0.1 or ~> 1.0", [hex: :castore, repo: "hexpm", optional: false]}, {:rustler, "~> 0.23", [hex: :rustler, repo: "hexpm", optional: true]}], "hexpm", "b9048eaed8d7d14a53f758c91865cc616608a438d2595f621f6a4b32a5511709"},
  "sleeplocks": {:hex, :sleeplocks, "1.1.2", "d45aa1c5513da48c888715e3381211c859af34bee9b8290490e10c90bb6ff0ca", [:rebar3], [], "hexpm", "9fe5d048c5b781d6305c1a3a0f40bb3dfc06f49bf40571f3d2d0c57eaa7f59a5"},
  "statistex": {:hex, :statistex, "1.0.0", "f3dc93f3c0c6c92e5f291704cf62b99b553253d7969e9a5fa713e5481cd858a5", [:mix], [], "hexpm", "ff9d8bee7035028ab4742ff52fc80a2aa35cece833cf5319009b52f1b5a86c27"},
  "tailwind": {:hex, :tailwind, "0.1.10", "21ed80ae1f411f747ee513470578acaaa1d0eb40170005350c5b0b6d07e2d624", [:mix], [{:castore, ">= 0.0.0", [hex: :castore, repo: "hexpm", optional: false]}], "hexpm", "e0fc474dfa8ed7a4573851ac69c5fd3ca70fbb0a5bada574d1d657ebc6f2f1f1"},
  "telemetry": {:hex, :telemetry, "1.2.1", "68fdfe8d8f05a8428483a97d7aab2f268aaff24b49e0f599faa091f1d4e7f61c", [:rebar3], [], "hexpm", "dad9ce9d8effc621708f99eac538ef1cbe05d6a874dd741de2e689c47feafed5"},
  "telemetry_metrics": {:hex, :telemetry_metrics, "0.6.1", "315d9163a1d4660aedc3fee73f33f1d355dcc76c5c3ab3d59e76e3edf80eef1f", [:mix], [{:telemetry, "~> 0.4 or ~> 1.0", [hex: :telemetry, repo: "hexpm", optional: false]}], "hexpm", "7be9e0871c41732c233be71e4be11b96e56177bf15dde64a8ac9ce72ac9834c6"},
  "telemetry_poller": {:hex, :telemetry_poller, "1.0.0", "db91bb424e07f2bb6e73926fcafbfcbcb295f0193e0a00e825e589a0a47e8453", [:rebar3], [{:telemetry, "~> 1.0", [hex: :telemetry, repo: "hexpm", optional: false]}], "hexpm", "b3a24eafd66c3f42da30fc3ca7dda1e9d546c12250a2d60d7b81d264fbec4f6e"},
  "toml": {:hex, :toml, "0.7.0", "fbcd773caa937d0c7a02c301a1feea25612720ac3fa1ccb8bfd9d30d822911de", [:mix], [], "hexpm", "0690246a2478c1defd100b0c9b89b4ea280a22be9a7b313a8a058a2408a2fa70"},
  "unicode": {:hex, :unicode, "1.15.0", "8477b079cd6000c8072d1e509642e48020bf3c0418f2dab9b8e8d98a70394d40", [:mix], [], "hexpm", "73f375c613825812357c70c419bdbf4d31338473970624f2bed249c7392fd1e8"},
  "unicode_guards": {:hex, :unicode_guards, "1.0.0", "e0a71517486de1ac2a3bdc516da48d6f149f61873732d7a3d882e8951c7649f2", [:mix], [{:nimble_parsec, "~> 0.5 or ~> 1.0", [hex: :nimble_parsec, repo: "hexpm", optional: false]}, {:unicode_set, "~> 1.0", [hex: :unicode_set, repo: "hexpm", optional: false]}], "hexpm", "d8c91bf78ff9bd6a9053d4ad43f0ec4ff3ed15c36917fe36bb19dbf36650096c"},
  "unicode_set": {:hex, :unicode_set, "1.3.0", "aa9b7836b5d39fe493213d6c08eee83853746ecfd9f120cdfd1e2f96da3f71f1", [:mix], [{:nimble_parsec, "~> 1.2.2 or ~> 1.3", [hex: :nimble_parsec, repo: "hexpm", optional: false]}, {:unicode, "~> 1.13", [hex: :unicode, repo: "hexpm", optional: false]}], "hexpm", "7343aa1aa3dcc1f54a53781b7b96c35249633d3b0e922fabfc8b31db95495339"},
  "unsafe": {:hex, :unsafe, "1.0.1", "a27e1874f72ee49312e0a9ec2e0b27924214a05e3ddac90e91727bc76f8613d8", [:mix], [], "hexpm", "6c7729a2d214806450d29766abc2afaa7a2cbecf415be64f36a6691afebb50e5"},
  "websock": {:hex, :websock, "0.5.0", "f6bbce90226121d62a0715bca7c986c5e43de0ccc9475d79c55381d1796368cc", [:mix], [], "hexpm", "b51ac706df8a7a48a2c622ee02d09d68be8c40418698ffa909d73ae207eb5fb8"},
  "websock_adapter": {:hex, :websock_adapter, "0.4.5", "30038a3715067f51a9580562c05a3a8d501126030336ffc6edb53bf57d6d2d26", [:mix], [{:bandit, "~> 0.6", [hex: :bandit, repo: "hexpm", optional: true]}, {:plug, "~> 1.14", [hex: :plug, repo: "hexpm", optional: false]}, {:plug_cowboy, "~> 2.6", [hex: :plug_cowboy, repo: "hexpm", optional: true]}, {:websock, "~> 0.4", [hex: :websock, repo: "hexpm", optional: false]}], "hexpm", "1d9812dc7e703c205049426fd4fe0852a247a825f91b099e53dc96f68bafe4c8"},
}
